// !$*UTF8*$!
{
	archiveVersion = 1;
	classes = {
	};
	objectVersion = 56;
	objects = {

/* Begin PBXBuildFile section */
		465E8456296EFBFF004530D5 /* RideAppApp.swift in Sources */ = {isa = PBXBuildFile; fileRef = 465E8455296EFBFF004530D5 /* RideAppApp.swift */; };
		465E845A296EFC00004530D5 /* Assets.xcassets in Resources */ = {isa = PBXBuildFile; fileRef = 465E8459296EFC00004530D5 /* Assets.xcassets */; };
		465E845D296EFC00004530D5 /* Preview Assets.xcassets in Resources */ = {isa = PBXBuildFile; fileRef = 465E845C296EFC00004530D5 /* Preview Assets.xcassets */; };
		465E846B296EFE11004530D5 /* HomeView.swift in Sources */ = {isa = PBXBuildFile; fileRef = 465E846A296EFE11004530D5 /* HomeView.swift */; };
		465E846D296F02E1004530D5 /* RideMap_representable.swift in Sources */ = {isa = PBXBuildFile; fileRef = 465E846C296F02E1004530D5 /* RideMap_representable.swift */; };
		465E846F296F090B004530D5 /* LocationManager.swift in Sources */ = {isa = PBXBuildFile; fileRef = 465E846E296F090B004530D5 /* LocationManager.swift */; };
		465E8475296F43E1004530D5 /* LocationSearchActivationView.swift in Sources */ = {isa = PBXBuildFile; fileRef = 465E8474296F43E1004530D5 /* LocationSearchActivationView.swift */; };
		465E8477296F4815004530D5 /* MapViewActionButton.swift in Sources */ = {isa = PBXBuildFile; fileRef = 465E8476296F4815004530D5 /* MapViewActionButton.swift */; };
		465E8479296F4A24004530D5 /* LocationSearchView.swift in Sources */ = {isa = PBXBuildFile; fileRef = 465E8478296F4A24004530D5 /* LocationSearchView.swift */; };
		465E847B296F4ECB004530D5 /* LocationSearchResultCell.swift in Sources */ = {isa = PBXBuildFile; fileRef = 465E847A296F4ECB004530D5 /* LocationSearchResultCell.swift */; };
		465E847D296FC854004530D5 /* LocationSearchViewModel.swift in Sources */ = {isa = PBXBuildFile; fileRef = 465E847C296FC854004530D5 /* LocationSearchViewModel.swift */; };
		465E847F29700227004530D5 /* README.md in Sources */ = {isa = PBXBuildFile; fileRef = 465E847E29700227004530D5 /* README.md */; };
		465E848129704BA3004530D5 /* MapViewState.swift in Sources */ = {isa = PBXBuildFile; fileRef = 465E848029704BA3004530D5 /* MapViewState.swift */; };
		465E84842970578D004530D5 /* RideRequestView.swift in Sources */ = {isa = PBXBuildFile; fileRef = 465E84832970578D004530D5 /* RideRequestView.swift */; };
		465E848629708370004530D5 /* RideType.swift in Sources */ = {isa = PBXBuildFile; fileRef = 465E848529708370004530D5 /* RideType.swift */; };
		465E8488297092F0004530D5 /* Double.swift in Sources */ = {isa = PBXBuildFile; fileRef = 465E8487297092F0004530D5 /* Double.swift */; };
		465E848A297118A2004530D5 /* RideLocation.swift in Sources */ = {isa = PBXBuildFile; fileRef = 465E8489297118A2004530D5 /* RideLocation.swift */; };
/* End PBXBuildFile section */

/* Begin PBXFileReference section */
		465E8452296EFBFF004530D5 /* RideApp.app */ = {isa = PBXFileReference; explicitFileType = wrapper.application; includeInIndex = 0; path = RideApp.app; sourceTree = BUILT_PRODUCTS_DIR; };
		465E8455296EFBFF004530D5 /* RideAppApp.swift */ = {isa = PBXFileReference; lastKnownFileType = sourcecode.swift; path = RideAppApp.swift; sourceTree = "<group>"; };
		465E8459296EFC00004530D5 /* Assets.xcassets */ = {isa = PBXFileReference; lastKnownFileType = folder.assetcatalog; path = Assets.xcassets; sourceTree = "<group>"; };
		465E845C296EFC00004530D5 /* Preview Assets.xcassets */ = {isa = PBXFileReference; lastKnownFileType = folder.assetcatalog; path = "Preview Assets.xcassets"; sourceTree = "<group>"; };
		465E846A296EFE11004530D5 /* HomeView.swift */ = {isa = PBXFileReference; lastKnownFileType = sourcecode.swift; path = HomeView.swift; sourceTree = "<group>"; };
		465E846C296F02E1004530D5 /* RideMap_representable.swift */ = {isa = PBXFileReference; lastKnownFileType = sourcecode.swift; path = RideMap_representable.swift; sourceTree = "<group>"; };
		465E846E296F090B004530D5 /* LocationManager.swift */ = {isa = PBXFileReference; lastKnownFileType = sourcecode.swift; path = LocationManager.swift; sourceTree = "<group>"; };
		465E8474296F43E1004530D5 /* LocationSearchActivationView.swift */ = {isa = PBXFileReference; lastKnownFileType = sourcecode.swift; path = LocationSearchActivationView.swift; sourceTree = "<group>"; };
		465E8476296F4815004530D5 /* MapViewActionButton.swift */ = {isa = PBXFileReference; lastKnownFileType = sourcecode.swift; path = MapViewActionButton.swift; sourceTree = "<group>"; };
		465E8478296F4A24004530D5 /* LocationSearchView.swift */ = {isa = PBXFileReference; lastKnownFileType = sourcecode.swift; path = LocationSearchView.swift; sourceTree = "<group>"; };
		465E847A296F4ECB004530D5 /* LocationSearchResultCell.swift */ = {isa = PBXFileReference; lastKnownFileType = sourcecode.swift; path = LocationSearchResultCell.swift; sourceTree = "<group>"; };
		465E847C296FC854004530D5 /* LocationSearchViewModel.swift */ = {isa = PBXFileReference; lastKnownFileType = sourcecode.swift; path = LocationSearchViewModel.swift; sourceTree = "<group>"; };
		465E847E29700227004530D5 /* README.md */ = {isa = PBXFileReference; lastKnownFileType = net.daringfireball.markdown; path = README.md; sourceTree = "<group>"; };
		465E848029704BA3004530D5 /* MapViewState.swift */ = {isa = PBXFileReference; lastKnownFileType = sourcecode.swift; path = MapViewState.swift; sourceTree = "<group>"; };
		465E84832970578D004530D5 /* RideRequestView.swift */ = {isa = PBXFileReference; lastKnownFileType = sourcecode.swift; path = RideRequestView.swift; sourceTree = "<group>"; };
		465E848529708370004530D5 /* RideType.swift */ = {isa = PBXFileReference; lastKnownFileType = sourcecode.swift; path = RideType.swift; sourceTree = "<group>"; };
		465E8487297092F0004530D5 /* Double.swift */ = {isa = PBXFileReference; lastKnownFileType = sourcecode.swift; path = Double.swift; sourceTree = "<group>"; };
		465E8489297118A2004530D5 /* RideLocation.swift */ = {isa = PBXFileReference; lastKnownFileType = sourcecode.swift; path = RideLocation.swift; sourceTree = "<group>"; };
/* End PBXFileReference section */

/* Begin PBXFrameworksBuildPhase section */
		465E844F296EFBFF004530D5 /* Frameworks */ = {
			isa = PBXFrameworksBuildPhase;
			buildActionMask = 2147483647;
			files = (
			);
			runOnlyForDeploymentPostprocessing = 0;
		};
/* End PBXFrameworksBuildPhase section */

/* Begin PBXGroup section */
		465E8449296EFBFF004530D5 = {
			isa = PBXGroup;
			children = (
				465E847E29700227004530D5 /* README.md */,
				465E8454296EFBFF004530D5 /* RideApp */,
				465E8453296EFBFF004530D5 /* Products */,
			);
			sourceTree = "<group>";
		};
		465E8453296EFBFF004530D5 /* Products */ = {
			isa = PBXGroup;
			children = (
				465E8452296EFBFF004530D5 /* RideApp.app */,
			);
			name = Products;
			sourceTree = "<group>";
		};
		465E8454296EFBFF004530D5 /* RideApp */ = {
			isa = PBXGroup;
			children = (
				465E8467296EFD9D004530D5 /* Models */,
				465E8466296EFD95004530D5 /* Managers */,
				465E8465296EFD88004530D5 /* Extensions */,
				465E8464296EFD7F004530D5 /* Core */,
				465E8463296EFD69004530D5 /* App */,
				465E8459296EFC00004530D5 /* Assets.xcassets */,
				465E845B296EFC00004530D5 /* Preview Content */,
			);
			path = RideApp;
			sourceTree = "<group>";
		};
		465E845B296EFC00004530D5 /* Preview Content */ = {
			isa = PBXGroup;
			children = (
				465E845C296EFC00004530D5 /* Preview Assets.xcassets */,
			);
			path = "Preview Content";
			sourceTree = "<group>";
		};
		465E8463296EFD69004530D5 /* App */ = {
			isa = PBXGroup;
			children = (
				465E8455296EFBFF004530D5 /* RideAppApp.swift */,
			);
			path = App;
			sourceTree = "<group>";
		};
		465E8464296EFD7F004530D5 /* Core */ = {
			isa = PBXGroup;
			children = (
				465E848229705768004530D5 /* Trips */,
				465E8470296F427E004530D5 /* LocationSearch */,
				465E8469296EFDF7004530D5 /* Home */,
			);
			path = Core;
			sourceTree = "<group>";
		};
		465E8465296EFD88004530D5 /* Extensions */ = {
			isa = PBXGroup;
			children = (
				465E8487297092F0004530D5 /* Double.swift */,
			);
			path = Extensions;
			sourceTree = "<group>";
		};
		465E8466296EFD95004530D5 /* Managers */ = {
			isa = PBXGroup;
			children = (
				465E846E296F090B004530D5 /* LocationManager.swift */,
			);
			path = Managers;
			sourceTree = "<group>";
		};
		465E8467296EFD9D004530D5 /* Models */ = {
			isa = PBXGroup;
			children = (
				465E848029704BA3004530D5 /* MapViewState.swift */,
				465E848529708370004530D5 /* RideType.swift */,
				465E8489297118A2004530D5 /* RideLocation.swift */,
			);
			path = Models;
			sourceTree = "<group>";
		};
		465E8468296EFDE7004530D5 /* ViewModel */ = {
			isa = PBXGroup;
			children = (
			);
			path = ViewModel;
			sourceTree = "<group>";
		};
		465E8469296EFDF7004530D5 /* Home */ = {
			isa = PBXGroup;
			children = (
				465E8473296F4392004530D5 /* Views */,
				465E8468296EFDE7004530D5 /* ViewModel */,
			);
			path = Home;
			sourceTree = "<group>";
		};
		465E8470296F427E004530D5 /* LocationSearch */ = {
			isa = PBXGroup;
			children = (
				465E8472296F42E0004530D5 /* ViewModel */,
				465E8471296F42C6004530D5 /* Views */,
			);
			path = LocationSearch;
			sourceTree = "<group>";
		};
		465E8471296F42C6004530D5 /* Views */ = {
			isa = PBXGroup;
			children = (
				465E8474296F43E1004530D5 /* LocationSearchActivationView.swift */,
				465E8478296F4A24004530D5 /* LocationSearchView.swift */,
				465E847A296F4ECB004530D5 /* LocationSearchResultCell.swift */,
			);
			path = Views;
			sourceTree = "<group>";
		};
		465E8472296F42E0004530D5 /* ViewModel */ = {
			isa = PBXGroup;
			children = (
				465E847C296FC854004530D5 /* LocationSearchViewModel.swift */,
			);
			path = ViewModel;
			sourceTree = "<group>";
		};
		465E8473296F4392004530D5 /* Views */ = {
			isa = PBXGroup;
			children = (
				465E846A296EFE11004530D5 /* HomeView.swift */,
				465E846C296F02E1004530D5 /* RideMap_representable.swift */,
				465E8476296F4815004530D5 /* MapViewActionButton.swift */,
			);
			path = Views;
			sourceTree = "<group>";
		};
		465E848229705768004530D5 /* Trips */ = {
			isa = PBXGroup;
			children = (
				465E84832970578D004530D5 /* RideRequestView.swift */,
			);
			path = Trips;
			sourceTree = "<group>";
		};
/* End PBXGroup section */

/* Begin PBXNativeTarget section */
		465E8451296EFBFF004530D5 /* RideApp */ = {
			isa = PBXNativeTarget;
			buildConfigurationList = 465E8460296EFC00004530D5 /* Build configuration list for PBXNativeTarget "RideApp" */;
			buildPhases = (
				465E844E296EFBFF004530D5 /* Sources */,
				465E844F296EFBFF004530D5 /* Frameworks */,
				465E8450296EFBFF004530D5 /* Resources */,
			);
			buildRules = (
			);
			dependencies = (
			);
			name = RideApp;
			productName = RideApp;
			productReference = 465E8452296EFBFF004530D5 /* RideApp.app */;
			productType = "com.apple.product-type.application";
		};
/* End PBXNativeTarget section */

/* Begin PBXProject section */
		465E844A296EFBFF004530D5 /* Project object */ = {
			isa = PBXProject;
			attributes = {
				BuildIndependentTargetsInParallel = 1;
				LastSwiftUpdateCheck = 1420;
				LastUpgradeCheck = 1420;
				TargetAttributes = {
					465E8451296EFBFF004530D5 = {
						CreatedOnToolsVersion = 14.2;
					};
				};
			};
			buildConfigurationList = 465E844D296EFBFF004530D5 /* Build configuration list for PBXProject "RideApp" */;
			compatibilityVersion = "Xcode 14.0";
			developmentRegion = en;
			hasScannedForEncodings = 0;
			knownRegions = (
				en,
				Base,
			);
			mainGroup = 465E8449296EFBFF004530D5;
			productRefGroup = 465E8453296EFBFF004530D5 /* Products */;
			projectDirPath = "";
			projectRoot = "";
			targets = (
				465E8451296EFBFF004530D5 /* RideApp */,
			);
		};
/* End PBXProject section */

/* Begin PBXResourcesBuildPhase section */
		465E8450296EFBFF004530D5 /* Resources */ = {
			isa = PBXResourcesBuildPhase;
			buildActionMask = 2147483647;
			files = (
				465E845D296EFC00004530D5 /* Preview Assets.xcassets in Resources */,
				465E845A296EFC00004530D5 /* Assets.xcassets in Resources */,
			);
			runOnlyForDeploymentPostprocessing = 0;
		};
/* End PBXResourcesBuildPhase section */

/* Begin PBXSourcesBuildPhase section */
		465E844E296EFBFF004530D5 /* Sources */ = {
			isa = PBXSourcesBuildPhase;
			buildActionMask = 2147483647;
			files = (
				465E8479296F4A24004530D5 /* LocationSearchView.swift in Sources */,
				465E848629708370004530D5 /* RideType.swift in Sources */,
				465E846F296F090B004530D5 /* LocationManager.swift in Sources */,
				465E8477296F4815004530D5 /* MapViewActionButton.swift in Sources */,
				465E846B296EFE11004530D5 /* HomeView.swift in Sources */,
				465E846D296F02E1004530D5 /* RideMap_representable.swift in Sources */,
				465E8488297092F0004530D5 /* Double.swift in Sources */,
				465E848129704BA3004530D5 /* MapViewState.swift in Sources */,
				465E848A297118A2004530D5 /* RideLocation.swift in Sources */,
				465E847F29700227004530D5 /* README.md in Sources */,
				465E847D296FC854004530D5 /* LocationSearchViewModel.swift in Sources */,
				465E84842970578D004530D5 /* RideRequestView.swift in Sources */,
				465E8456296EFBFF004530D5 /* RideAppApp.swift in Sources */,
				465E8475296F43E1004530D5 /* LocationSearchActivationView.swift in Sources */,
				465E847B296F4ECB004530D5 /* LocationSearchResultCell.swift in Sources */,
			);
			runOnlyForDeploymentPostprocessing = 0;
		};
/* End PBXSourcesBuildPhase section */

/* Begin XCBuildConfiguration section */
		465E845E296EFC00004530D5 /* Debug */ = {
			isa = XCBuildConfiguration;
			buildSettings = {
				ALWAYS_SEARCH_USER_PATHS = NO;
				CLANG_ANALYZER_NONNULL = YES;
				CLANG_ANALYZER_NUMBER_OBJECT_CONVERSION = YES_AGGRESSIVE;
				CLANG_CXX_LANGUAGE_STANDARD = "gnu++20";
				CLANG_ENABLE_MODULES = YES;
				CLANG_ENABLE_OBJC_ARC = YES;
				CLANG_ENABLE_OBJC_WEAK = YES;
				CLANG_WARN_BLOCK_CAPTURE_AUTORELEASING = YES;
				CLANG_WARN_BOOL_CONVERSION = YES;
				CLANG_WARN_COMMA = YES;
				CLANG_WARN_CONSTANT_CONVERSION = YES;
				CLANG_WARN_DEPRECATED_OBJC_IMPLEMENTATIONS = YES;
				CLANG_WARN_DIRECT_OBJC_ISA_USAGE = YES_ERROR;
				CLANG_WARN_DOCUMENTATION_COMMENTS = YES;
				CLANG_WARN_EMPTY_BODY = YES;
				CLANG_WARN_ENUM_CONVERSION = YES;
				CLANG_WARN_INFINITE_RECURSION = YES;
				CLANG_WARN_INT_CONVERSION = YES;
				CLANG_WARN_NON_LITERAL_NULL_CONVERSION = YES;
				CLANG_WARN_OBJC_IMPLICIT_RETAIN_SELF = YES;
				CLANG_WARN_OBJC_LITERAL_CONVERSION = YES;
				CLANG_WARN_OBJC_ROOT_CLASS = YES_ERROR;
				CLANG_WARN_QUOTED_INCLUDE_IN_FRAMEWORK_HEADER = YES;
				CLANG_WARN_RANGE_LOOP_ANALYSIS = YES;
				CLANG_WARN_STRICT_PROTOTYPES = YES;
				CLANG_WARN_SUSPICIOUS_MOVE = YES;
				CLANG_WARN_UNGUARDED_AVAILABILITY = YES_AGGRESSIVE;
				CLANG_WARN_UNREACHABLE_CODE = YES;
				CLANG_WARN__DUPLICATE_METHOD_MATCH = YES;
				COPY_PHASE_STRIP = NO;
				DEBUG_INFORMATION_FORMAT = dwarf;
				ENABLE_STRICT_OBJC_MSGSEND = YES;
				ENABLE_TESTABILITY = YES;
				GCC_C_LANGUAGE_STANDARD = gnu11;
				GCC_DYNAMIC_NO_PIC = NO;
				GCC_NO_COMMON_BLOCKS = YES;
				GCC_OPTIMIZATION_LEVEL = 0;
				GCC_PREPROCESSOR_DEFINITIONS = (
					"DEBUG=1",
					"$(inherited)",
				);
				GCC_WARN_64_TO_32_BIT_CONVERSION = YES;
				GCC_WARN_ABOUT_RETURN_TYPE = YES_ERROR;
				GCC_WARN_UNDECLARED_SELECTOR = YES;
				GCC_WARN_UNINITIALIZED_AUTOS = YES_AGGRESSIVE;
				GCC_WARN_UNUSED_FUNCTION = YES;
				GCC_WARN_UNUSED_VARIABLE = YES;
				IPHONEOS_DEPLOYMENT_TARGET = 16.2;
				MTL_ENABLE_DEBUG_INFO = INCLUDE_SOURCE;
				MTL_FAST_MATH = YES;
				ONLY_ACTIVE_ARCH = YES;
				SDKROOT = iphoneos;
				SWIFT_ACTIVE_COMPILATION_CONDITIONS = DEBUG;
				SWIFT_OPTIMIZATION_LEVEL = "-Onone";
			};
			name = Debug;
		};
		465E845F296EFC00004530D5 /* Release */ = {
			isa = XCBuildConfiguration;
			buildSettings = {
				ALWAYS_SEARCH_USER_PATHS = NO;
				CLANG_ANALYZER_NONNULL = YES;
				CLANG_ANALYZER_NUMBER_OBJECT_CONVERSION = YES_AGGRESSIVE;
				CLANG_CXX_LANGUAGE_STANDARD = "gnu++20";
				CLANG_ENABLE_MODULES = YES;
				CLANG_ENABLE_OBJC_ARC = YES;
				CLANG_ENABLE_OBJC_WEAK = YES;
				CLANG_WARN_BLOCK_CAPTURE_AUTORELEASING = YES;
				CLANG_WARN_BOOL_CONVERSION = YES;
				CLANG_WARN_COMMA = YES;
				CLANG_WARN_CONSTANT_CONVERSION = YES;
				CLANG_WARN_DEPRECATED_OBJC_IMPLEMENTATIONS = YES;
				CLANG_WARN_DIRECT_OBJC_ISA_USAGE = YES_ERROR;
				CLANG_WARN_DOCUMENTATION_COMMENTS = YES;
				CLANG_WARN_EMPTY_BODY = YES;
				CLANG_WARN_ENUM_CONVERSION = YES;
				CLANG_WARN_INFINITE_RECURSION = YES;
				CLANG_WARN_INT_CONVERSION = YES;
				CLANG_WARN_NON_LITERAL_NULL_CONVERSION = YES;
				CLANG_WARN_OBJC_IMPLICIT_RETAIN_SELF = YES;
				CLANG_WARN_OBJC_LITERAL_CONVERSION = YES;
				CLANG_WARN_OBJC_ROOT_CLASS = YES_ERROR;
				CLANG_WARN_QUOTED_INCLUDE_IN_FRAMEWORK_HEADER = YES;
				CLANG_WARN_RANGE_LOOP_ANALYSIS = YES;
				CLANG_WARN_STRICT_PROTOTYPES = YES;
				CLANG_WARN_SUSPICIOUS_MOVE = YES;
				CLANG_WARN_UNGUARDED_AVAILABILITY = YES_AGGRESSIVE;
				CLANG_WARN_UNREACHABLE_CODE = YES;
				CLANG_WARN__DUPLICATE_METHOD_MATCH = YES;
				COPY_PHASE_STRIP = NO;
				DEBUG_INFORMATION_FORMAT = "dwarf-with-dsym";
				ENABLE_NS_ASSERTIONS = NO;
				ENABLE_STRICT_OBJC_MSGSEND = YES;
				GCC_C_LANGUAGE_STANDARD = gnu11;
				GCC_NO_COMMON_BLOCKS = YES;
				GCC_WARN_64_TO_32_BIT_CONVERSION = YES;
				GCC_WARN_ABOUT_RETURN_TYPE = YES_ERROR;
				GCC_WARN_UNDECLARED_SELECTOR = YES;
				GCC_WARN_UNINITIALIZED_AUTOS = YES_AGGRESSIVE;
				GCC_WARN_UNUSED_FUNCTION = YES;
				GCC_WARN_UNUSED_VARIABLE = YES;
				IPHONEOS_DEPLOYMENT_TARGET = 16.2;
				MTL_ENABLE_DEBUG_INFO = NO;
				MTL_FAST_MATH = YES;
				SDKROOT = iphoneos;
				SWIFT_COMPILATION_MODE = wholemodule;
				SWIFT_OPTIMIZATION_LEVEL = "-O";
				VALIDATE_PRODUCT = YES;
			};
			name = Release;
		};
		465E8461296EFC00004530D5 /* Debug */ = {
			isa = XCBuildConfiguration;
			buildSettings = {
				ASSETCATALOG_COMPILER_APPICON_NAME = AppIcon;
				ASSETCATALOG_COMPILER_GLOBAL_ACCENT_COLOR_NAME = AccentColor;
				CODE_SIGN_STYLE = Automatic;
				CURRENT_PROJECT_VERSION = 1;
				DEVELOPMENT_ASSET_PATHS = "\"RideApp/Preview Content\"";
				ENABLE_PREVIEWS = YES;
				GENERATE_INFOPLIST_FILE = YES;
				INFOPLIST_KEY_NSLocationWhenInUseUsageDescription = "Please allow us to access your location to find nearby rides and locations";
				INFOPLIST_KEY_UIApplicationSceneManifest_Generation = YES;
				INFOPLIST_KEY_UIApplicationSupportsIndirectInputEvents = YES;
				INFOPLIST_KEY_UILaunchScreen_Generation = YES;
				INFOPLIST_KEY_UISupportedInterfaceOrientations_iPad = "UIInterfaceOrientationPortrait UIInterfaceOrientationPortraitUpsideDown UIInterfaceOrientationLandscapeLeft UIInterfaceOrientationLandscapeRight";
				INFOPLIST_KEY_UISupportedInterfaceOrientations_iPhone = "UIInterfaceOrientationPortrait UIInterfaceOrientationLandscapeLeft UIInterfaceOrientationLandscapeRight";
				LD_RUNPATH_SEARCH_PATHS = (
					"$(inherited)",
					"@executable_path/Frameworks",
				);
				MARKETING_VERSION = 1.0;
				PRODUCT_BUNDLE_IDENTIFIER = pawarasorg.RideApp;
				PRODUCT_NAME = "$(TARGET_NAME)";
				SWIFT_EMIT_LOC_STRINGS = YES;
				SWIFT_VERSION = 5.0;
				TARGETED_DEVICE_FAMILY = "1,2";
			};
			name = Debug;
		};
		465E8462296EFC00004530D5 /* Release */ = {
			isa = XCBuildConfiguration;
			buildSettings = {
				ASSETCATALOG_COMPILER_APPICON_NAME = AppIcon;
				ASSETCATALOG_COMPILER_GLOBAL_ACCENT_COLOR_NAME = AccentColor;
				CODE_SIGN_STYLE = Automatic;
				CURRENT_PROJECT_VERSION = 1;
				DEVELOPMENT_ASSET_PATHS = "\"RideApp/Preview Content\"";
				ENABLE_PREVIEWS = YES;
				GENERATE_INFOPLIST_FILE = YES;
				INFOPLIST_KEY_NSLocationWhenInUseUsageDescription = "Please allow us to access your location to find nearby rides and locations";
				INFOPLIST_KEY_UIApplicationSceneManifest_Generation = YES;
				INFOPLIST_KEY_UIApplicationSupportsIndirectInputEvents = YES;
				INFOPLIST_KEY_UILaunchScreen_Generation = YES;
				INFOPLIST_KEY_UISupportedInterfaceOrientations_iPad = "UIInterfaceOrientationPortrait UIInterfaceOrientationPortraitUpsideDown UIInterfaceOrientationLandscapeLeft UIInterfaceOrientationLandscapeRight";
				INFOPLIST_KEY_UISupportedInterfaceOrientations_iPhone = "UIInterfaceOrientationPortrait UIInterfaceOrientationLandscapeLeft UIInterfaceOrientationLandscapeRight";
				LD_RUNPATH_SEARCH_PATHS = (
					"$(inherited)",
					"@executable_path/Frameworks",
				);
				MARKETING_VERSION = 1.0;
				PRODUCT_BUNDLE_IDENTIFIER = pawarasorg.RideApp;
				PRODUCT_NAME = "$(TARGET_NAME)";
				SWIFT_EMIT_LOC_STRINGS = YES;
				SWIFT_VERSION = 5.0;
				TARGETED_DEVICE_FAMILY = "1,2";
			};
			name = Release;
		};
/* End XCBuildConfiguration section */

/* Begin XCConfigurationList section */
		465E844D296EFBFF004530D5 /* Build configuration list for PBXProject "RideApp" */ = {
			isa = XCConfigurationList;
			buildConfigurations = (
				465E845E296EFC00004530D5 /* Debug */,
				465E845F296EFC00004530D5 /* Release */,
			);
			defaultConfigurationIsVisible = 0;
			defaultConfigurationName = Release;
		};
		465E8460296EFC00004530D5 /* Build configuration list for PBXNativeTarget "RideApp" */ = {
			isa = XCConfigurationList;
			buildConfigurations = (
				465E8461296EFC00004530D5 /* Debug */,
				465E8462296EFC00004530D5 /* Release */,
			);
			defaultConfigurationIsVisible = 0;
			defaultConfigurationName = Release;
		};
/* End XCConfigurationList section */
	};
	rootObject = 465E844A296EFBFF004530D5 /* Project object */;
}
